// !$*UTF8*$!
{
	archiveVersion = 1;
	classes = {
	};
	objectVersion = 55;
	objects = {

/* Begin PBXBuildFile section */
		D870E02A28572E6500BB6B1D /* GoogleService-Info.plist in Resources */ = {isa = PBXBuildFile; fileRef = D870E02928572E6500BB6B1D /* GoogleService-Info.plist */; };
		D8BE8C252858449B0008E1F4 /* CreditCardDummy.swift in Sources */ = {isa = PBXBuildFile; fileRef = D8BE8C242858449B0008E1F4 /* CreditCardDummy.swift */; };
		D8BE8C2728584C590008E1F4 /* CardListViewController2.swift in Sources */ = {isa = PBXBuildFile; fileRef = D8BE8C2628584C590008E1F4 /* CardListViewController2.swift */; };
		D8E2442E28571DBC00193A1B /* AppDelegate.swift in Sources */ = {isa = PBXBuildFile; fileRef = D8E2442D28571DBC00193A1B /* AppDelegate.swift */; };
		D8E2443028571DBC00193A1B /* SceneDelegate.swift in Sources */ = {isa = PBXBuildFile; fileRef = D8E2442F28571DBC00193A1B /* SceneDelegate.swift */; };
		D8E2443528571DBC00193A1B /* Main.storyboard in Resources */ = {isa = PBXBuildFile; fileRef = D8E2443328571DBC00193A1B /* Main.storyboard */; };
		D8E2443728571DBE00193A1B /* Assets.xcassets in Resources */ = {isa = PBXBuildFile; fileRef = D8E2443628571DBE00193A1B /* Assets.xcassets */; };
		D8E2443A28571DBE00193A1B /* LaunchScreen.storyboard in Resources */ = {isa = PBXBuildFile; fileRef = D8E2443828571DBE00193A1B /* LaunchScreen.storyboard */; };
		D8E2444228571DF700193A1B /* CardListViewController.swift in Sources */ = {isa = PBXBuildFile; fileRef = D8E2444128571DF700193A1B /* CardListViewController.swift */; };
		D8E2444428571EBA00193A1B /* CreditCard.swift in Sources */ = {isa = PBXBuildFile; fileRef = D8E2444328571EBA00193A1B /* CreditCard.swift */; };
		D8E2444728571FD300193A1B /* CardListCell.swift in Sources */ = {isa = PBXBuildFile; fileRef = D8E2444528571FD300193A1B /* CardListCell.swift */; };
		D8E2444828571FD300193A1B /* CardListCell.xib in Resources */ = {isa = PBXBuildFile; fileRef = D8E2444628571FD300193A1B /* CardListCell.xib */; };
		D8E641852857253300BDE47D /* CardDetailViewController.swift in Sources */ = {isa = PBXBuildFile; fileRef = D8E641842857253300BDE47D /* CardDetailViewController.swift */; };
		D8E641872857271B00BDE47D /* money.json in Resources */ = {isa = PBXBuildFile; fileRef = D8E641862857271B00BDE47D /* money.json */; };
		EAF01EF39CAB28D6961860A6 /* Pods_CreditCardList.framework in Frameworks */ = {isa = PBXBuildFile; fileRef = 563F3F281EA52EDBD261364E /* Pods_CreditCardList.framework */; };
/* End PBXBuildFile section */

/* Begin PBXFileReference section */
		563F3F281EA52EDBD261364E /* Pods_CreditCardList.framework */ = {isa = PBXFileReference; explicitFileType = wrapper.framework; includeInIndex = 0; path = Pods_CreditCardList.framework; sourceTree = BUILT_PRODUCTS_DIR; };
		D6ED38BA96541A8C98D12824 /* Pods-CreditCardList.debug.xcconfig */ = {isa = PBXFileReference; includeInIndex = 1; lastKnownFileType = text.xcconfig; name = "Pods-CreditCardList.debug.xcconfig"; path = "Target Support Files/Pods-CreditCardList/Pods-CreditCardList.debug.xcconfig"; sourceTree = "<group>"; };
		D870E02928572E6500BB6B1D /* GoogleService-Info.plist */ = {isa = PBXFileReference; fileEncoding = 4; lastKnownFileType = text.plist.xml; path = "GoogleService-Info.plist"; sourceTree = "<group>"; };
		D8BE8C242858449B0008E1F4 /* CreditCardDummy.swift */ = {isa = PBXFileReference; fileEncoding = 4; lastKnownFileType = sourcecode.swift; path = CreditCardDummy.swift; sourceTree = "<group>"; };
		D8BE8C2628584C590008E1F4 /* CardListViewController2.swift */ = {isa = PBXFileReference; lastKnownFileType = sourcecode.swift; path = CardListViewController2.swift; sourceTree = "<group>"; };
		D8E2442A28571DBC00193A1B /* CreditCardList.app */ = {isa = PBXFileReference; explicitFileType = wrapper.application; includeInIndex = 0; path = CreditCardList.app; sourceTree = BUILT_PRODUCTS_DIR; };
		D8E2442D28571DBC00193A1B /* AppDelegate.swift */ = {isa = PBXFileReference; lastKnownFileType = sourcecode.swift; path = AppDelegate.swift; sourceTree = "<group>"; };
		D8E2442F28571DBC00193A1B /* SceneDelegate.swift */ = {isa = PBXFileReference; lastKnownFileType = sourcecode.swift; path = SceneDelegate.swift; sourceTree = "<group>"; };
		D8E2443428571DBC00193A1B /* Base */ = {isa = PBXFileReference; lastKnownFileType = file.storyboard; name = Base; path = Base.lproj/Main.storyboard; sourceTree = "<group>"; };
		D8E2443628571DBE00193A1B /* Assets.xcassets */ = {isa = PBXFileReference; lastKnownFileType = folder.assetcatalog; path = Assets.xcassets; sourceTree = "<group>"; };
		D8E2443928571DBE00193A1B /* Base */ = {isa = PBXFileReference; lastKnownFileType = file.storyboard; name = Base; path = Base.lproj/LaunchScreen.storyboard; sourceTree = "<group>"; };
		D8E2443B28571DBE00193A1B /* Info.plist */ = {isa = PBXFileReference; lastKnownFileType = text.plist.xml; path = Info.plist; sourceTree = "<group>"; };
		D8E2444128571DF700193A1B /* CardListViewController.swift */ = {isa = PBXFileReference; lastKnownFileType = sourcecode.swift; path = CardListViewController.swift; sourceTree = "<group>"; };
		D8E2444328571EBA00193A1B /* CreditCard.swift */ = {isa = PBXFileReference; lastKnownFileType = sourcecode.swift; path = CreditCard.swift; sourceTree = "<group>"; };
		D8E2444528571FD300193A1B /* CardListCell.swift */ = {isa = PBXFileReference; lastKnownFileType = sourcecode.swift; path = CardListCell.swift; sourceTree = "<group>"; };
		D8E2444628571FD300193A1B /* CardListCell.xib */ = {isa = PBXFileReference; lastKnownFileType = file.xib; path = CardListCell.xib; sourceTree = "<group>"; };
		D8E641842857253300BDE47D /* CardDetailViewController.swift */ = {isa = PBXFileReference; lastKnownFileType = sourcecode.swift; path = CardDetailViewController.swift; sourceTree = "<group>"; };
		D8E641862857271B00BDE47D /* money.json */ = {isa = PBXFileReference; fileEncoding = 4; lastKnownFileType = text.json; path = money.json; sourceTree = "<group>"; };
		DA05AFC88F08A731C17C02D6 /* Pods-CreaditCardList.debug.xcconfig */ = {isa = PBXFileReference; includeInIndex = 1; lastKnownFileType = text.xcconfig; name = "Pods-CreaditCardList.debug.xcconfig"; path = "Target Support Files/Pods-CreaditCardList/Pods-CreaditCardList.debug.xcconfig"; sourceTree = "<group>"; };
		E28401147E32A64F5E2B4103 /* Pods-CreditCardList.release.xcconfig */ = {isa = PBXFileReference; includeInIndex = 1; lastKnownFileType = text.xcconfig; name = "Pods-CreditCardList.release.xcconfig"; path = "Target Support Files/Pods-CreditCardList/Pods-CreditCardList.release.xcconfig"; sourceTree = "<group>"; };
		E6C990B21074579A998427C9 /* Pods-CreaditCardList.release.xcconfig */ = {isa = PBXFileReference; includeInIndex = 1; lastKnownFileType = text.xcconfig; name = "Pods-CreaditCardList.release.xcconfig"; path = "Target Support Files/Pods-CreaditCardList/Pods-CreaditCardList.release.xcconfig"; sourceTree = "<group>"; };
/* End PBXFileReference section */

/* Begin PBXFrameworksBuildPhase section */
		D8E2442728571DBC00193A1B /* Frameworks */ = {
			isa = PBXFrameworksBuildPhase;
			buildActionMask = 2147483647;
			files = (
				EAF01EF39CAB28D6961860A6 /* Pods_CreditCardList.framework in Frameworks */,
			);
			runOnlyForDeploymentPostprocessing = 0;
		};
/* End PBXFrameworksBuildPhase section */

/* Begin PBXGroup section */
		A955E9589D153D284F8D84A4 /* Pods */ = {
			isa = PBXGroup;
			children = (
				DA05AFC88F08A731C17C02D6 /* Pods-CreaditCardList.debug.xcconfig */,
				E6C990B21074579A998427C9 /* Pods-CreaditCardList.release.xcconfig */,
				D6ED38BA96541A8C98D12824 /* Pods-CreditCardList.debug.xcconfig */,
				E28401147E32A64F5E2B4103 /* Pods-CreditCardList.release.xcconfig */,
			);
			path = Pods;
			sourceTree = "<group>";
		};
		D8E2442128571DBC00193A1B = {
			isa = PBXGroup;
			children = (
				D8E641862857271B00BDE47D /* money.json */,
				D8E2442C28571DBC00193A1B /* CreditCardList */,
				D8E2442B28571DBC00193A1B /* Products */,
				A955E9589D153D284F8D84A4 /* Pods */,
				DFFFA4E3867B01858828D0E0 /* Frameworks */,
			);
			sourceTree = "<group>";
		};
		D8E2442B28571DBC00193A1B /* Products */ = {
			isa = PBXGroup;
			children = (
				D8E2442A28571DBC00193A1B /* CreditCardList.app */,
			);
			name = Products;
			sourceTree = "<group>";
		};
		D8E2442C28571DBC00193A1B /* CreditCardList */ = {
			isa = PBXGroup;
			children = (
				D8E2444328571EBA00193A1B /* CreditCard.swift */,
				D8BE8C242858449B0008E1F4 /* CreditCardDummy.swift */,
				D8E2444528571FD300193A1B /* CardListCell.swift */,
				D8E2444628571FD300193A1B /* CardListCell.xib */,
				D8E2444128571DF700193A1B /* CardListViewController.swift */,
				D8BE8C2628584C590008E1F4 /* CardListViewController2.swift */,
				D8E641842857253300BDE47D /* CardDetailViewController.swift */,
				D8E2442D28571DBC00193A1B /* AppDelegate.swift */,
				D8E2442F28571DBC00193A1B /* SceneDelegate.swift */,
				D8E2443328571DBC00193A1B /* Main.storyboard */,
				D8E2443628571DBE00193A1B /* Assets.xcassets */,
				D8E2443828571DBE00193A1B /* LaunchScreen.storyboard */,
				D8E2443B28571DBE00193A1B /* Info.plist */,
				D870E02928572E6500BB6B1D /* GoogleService-Info.plist */,
			);
			path = CreditCardList;
			sourceTree = "<group>";
		};
		DFFFA4E3867B01858828D0E0 /* Frameworks */ = {
			isa = PBXGroup;
			children = (
				563F3F281EA52EDBD261364E /* Pods_CreditCardList.framework */,
			);
			name = Frameworks;
			sourceTree = "<group>";
		};
/* End PBXGroup section */

/* Begin PBXNativeTarget section */
		D8E2442928571DBC00193A1B /* CreditCardList */ = {
			isa = PBXNativeTarget;
			buildConfigurationList = D8E2443E28571DBE00193A1B /* Build configuration list for PBXNativeTarget "CreditCardList" */;
			buildPhases = (
				4D914149DC33167A87064673 /* [CP] Check Pods Manifest.lock */,
				D8E2442628571DBC00193A1B /* Sources */,
				D8E2442728571DBC00193A1B /* Frameworks */,
				D8E2442828571DBC00193A1B /* Resources */,
				0F5F211D49B0D4753B107D32 /* [CP] Embed Pods Frameworks */,
			);
			buildRules = (
			);
			dependencies = (
			);
			name = CreditCardList;
			productName = CreaditCardList;
			productReference = D8E2442A28571DBC00193A1B /* CreditCardList.app */;
			productType = "com.apple.product-type.application";
		};
/* End PBXNativeTarget section */

/* Begin PBXProject section */
		D8E2442228571DBC00193A1B /* Project object */ = {
			isa = PBXProject;
			attributes = {
				BuildIndependentTargetsInParallel = 1;
				LastSwiftUpdateCheck = 1330;
				LastUpgradeCheck = 1330;
				TargetAttributes = {
					D8E2442928571DBC00193A1B = {
						CreatedOnToolsVersion = 13.3.1;
					};
				};
			};
			buildConfigurationList = D8E2442528571DBC00193A1B /* Build configuration list for PBXProject "CreditCardList" */;
			compatibilityVersion = "Xcode 13.0";
			developmentRegion = en;
			hasScannedForEncodings = 0;
			knownRegions = (
				en,
				Base,
			);
			mainGroup = D8E2442128571DBC00193A1B;
			productRefGroup = D8E2442B28571DBC00193A1B /* Products */;
			projectDirPath = "";
			projectRoot = "";
			targets = (
				D8E2442928571DBC00193A1B /* CreditCardList */,
			);
		};
/* End PBXProject section */

/* Begin PBXResourcesBuildPhase section */
		D8E2442828571DBC00193A1B /* Resources */ = {
			isa = PBXResourcesBuildPhase;
			buildActionMask = 2147483647;
			files = (
				D8E2443A28571DBE00193A1B /* LaunchScreen.storyboard in Resources */,
				D8E2443728571DBE00193A1B /* Assets.xcassets in Resources */,
				D8E641872857271B00BDE47D /* money.json in Resources */,
				D8E2443528571DBC00193A1B /* Main.storyboard in Resources */,
				D8E2444828571FD300193A1B /* CardListCell.xib in Resources */,
				D870E02A28572E6500BB6B1D /* GoogleService-Info.plist in Resources */,
			);
			runOnlyForDeploymentPostprocessing = 0;
		};
/* End PBXResourcesBuildPhase section */

/* Begin PBXShellScriptBuildPhase section */
		0F5F211D49B0D4753B107D32 /* [CP] Embed Pods Frameworks */ = {
			isa = PBXShellScriptBuildPhase;
			buildActionMask = 2147483647;
			files = (
			);
			inputFileListPaths = (
				"${PODS_ROOT}/Target Support Files/Pods-CreditCardList/Pods-CreditCardList-frameworks-${CONFIGURATION}-input-files.xcfilelist",
			);
			name = "[CP] Embed Pods Frameworks";
			outputFileListPaths = (
				"${PODS_ROOT}/Target Support Files/Pods-CreditCardList/Pods-CreditCardList-frameworks-${CONFIGURATION}-output-files.xcfilelist",
			);
			runOnlyForDeploymentPostprocessing = 0;
			shellPath = /bin/sh;
			shellScript = "\"${PODS_ROOT}/Target Support Files/Pods-CreditCardList/Pods-CreditCardList-frameworks.sh\"\n";
			showEnvVarsInLog = 0;
		};
		4D914149DC33167A87064673 /* [CP] Check Pods Manifest.lock */ = {
			isa = PBXShellScriptBuildPhase;
			buildActionMask = 2147483647;
			files = (
			);
			inputFileListPaths = (
			);
			inputPaths = (
				"${PODS_PODFILE_DIR_PATH}/Podfile.lock",
				"${PODS_ROOT}/Manifest.lock",
			);
			name = "[CP] Check Pods Manifest.lock";
			outputFileListPaths = (
			);
			outputPaths = (
				"$(DERIVED_FILE_DIR)/Pods-CreditCardList-checkManifestLockResult.txt",
			);
			runOnlyForDeploymentPostprocessing = 0;
			shellPath = /bin/sh;
			shellScript = "diff \"${PODS_PODFILE_DIR_PATH}/Podfile.lock\" \"${PODS_ROOT}/Manifest.lock\" > /dev/null\nif [ $? != 0 ] ; then\n    # print error to STDERR\n    echo \"error: The sandbox is not in sync with the Podfile.lock. Run 'pod install' or update your CocoaPods installation.\" >&2\n    exit 1\nfi\n# This output is used by Xcode 'outputs' to avoid re-running this script phase.\necho \"SUCCESS\" > \"${SCRIPT_OUTPUT_FILE_0}\"\n";
			showEnvVarsInLog = 0;
		};
/* End PBXShellScriptBuildPhase section */

/* Begin PBXSourcesBuildPhase section */
		D8E2442628571DBC00193A1B /* Sources */ = {
			isa = PBXSourcesBuildPhase;
			buildActionMask = 2147483647;
			files = (
				D8E2444428571EBA00193A1B /* CreditCard.swift in Sources */,
				D8E641852857253300BDE47D /* CardDetailViewController.swift in Sources */,
				D8E2444728571FD300193A1B /* CardListCell.swift in Sources */,
				D8E2444228571DF700193A1B /* CardListViewController.swift in Sources */,
				D8BE8C252858449B0008E1F4 /* CreditCardDummy.swift in Sources */,
				D8E2442E28571DBC00193A1B /* AppDelegate.swift in Sources */,
				D8E2443028571DBC00193A1B /* SceneDelegate.swift in Sources */,
				D8BE8C2728584C590008E1F4 /* CardListViewController2.swift in Sources */,
			);
			runOnlyForDeploymentPostprocessing = 0;
		};
/* End PBXSourcesBuildPhase section */

/* Begin PBXVariantGroup section */
		D8E2443328571DBC00193A1B /* Main.storyboard */ = {
			isa = PBXVariantGroup;
			children = (
				D8E2443428571DBC00193A1B /* Base */,
			);
			name = Main.storyboard;
			sourceTree = "<group>";
		};
		D8E2443828571DBE00193A1B /* LaunchScreen.storyboard */ = {
			isa = PBXVariantGroup;
			children = (
				D8E2443928571DBE00193A1B /* Base */,
			);
			name = LaunchScreen.storyboard;
			sourceTree = "<group>";
		};
/* End PBXVariantGroup section */

/* Begin XCBuildConfiguration section */
		D8E2443C28571DBE00193A1B /* Debug */ = {
			isa = XCBuildConfiguration;
			buildSettings = {
				ALWAYS_SEARCH_USER_PATHS = NO;
				CLANG_ANALYZER_NONNULL = YES;
				CLANG_ANALYZER_NUMBER_OBJECT_CONVERSION = YES_AGGRESSIVE;
				CLANG_CXX_LANGUAGE_STANDARD = "gnu++17";
				CLANG_ENABLE_MODULES = YES;
				CLANG_ENABLE_OBJC_ARC = YES;
				CLANG_ENABLE_OBJC_WEAK = YES;
				CLANG_WARN_BLOCK_CAPTURE_AUTORELEASING = YES;
				CLANG_WARN_BOOL_CONVERSION = YES;
				CLANG_WARN_COMMA = YES;
				CLANG_WARN_CONSTANT_CONVERSION = YES;
				CLANG_WARN_DEPRECATED_OBJC_IMPLEMENTATIONS = YES;
				CLANG_WARN_DIRECT_OBJC_ISA_USAGE = YES_ERROR;
				CLANG_WARN_DOCUMENTATION_COMMENTS = YES;
				CLANG_WARN_EMPTY_BODY = YES;
				CLANG_WARN_ENUM_CONVERSION = YES;
				CLANG_WARN_INFINITE_RECURSION = YES;
				CLANG_WARN_INT_CONVERSION = YES;
				CLANG_WARN_NON_LITERAL_NULL_CONVERSION = YES;
				CLANG_WARN_OBJC_IMPLICIT_RETAIN_SELF = YES;
				CLANG_WARN_OBJC_LITERAL_CONVERSION = YES;
				CLANG_WARN_OBJC_ROOT_CLASS = YES_ERROR;
				CLANG_WARN_QUOTED_INCLUDE_IN_FRAMEWORK_HEADER = YES;
				CLANG_WARN_RANGE_LOOP_ANALYSIS = YES;
				CLANG_WARN_STRICT_PROTOTYPES = YES;
				CLANG_WARN_SUSPICIOUS_MOVE = YES;
				CLANG_WARN_UNGUARDED_AVAILABILITY = YES_AGGRESSIVE;
				CLANG_WARN_UNREACHABLE_CODE = YES;
				CLANG_WARN__DUPLICATE_METHOD_MATCH = YES;
				COPY_PHASE_STRIP = NO;
				DEBUG_INFORMATION_FORMAT = dwarf;
				ENABLE_STRICT_OBJC_MSGSEND = YES;
				ENABLE_TESTABILITY = YES;
				GCC_C_LANGUAGE_STANDARD = gnu11;
				GCC_DYNAMIC_NO_PIC = NO;
				GCC_NO_COMMON_BLOCKS = YES;
				GCC_OPTIMIZATION_LEVEL = 0;
				GCC_PREPROCESSOR_DEFINITIONS = (
					"DEBUG=1",
					"$(inherited)",
				);
				GCC_WARN_64_TO_32_BIT_CONVERSION = YES;
				GCC_WARN_ABOUT_RETURN_TYPE = YES_ERROR;
				GCC_WARN_UNDECLARED_SELECTOR = YES;
				GCC_WARN_UNINITIALIZED_AUTOS = YES_AGGRESSIVE;
				GCC_WARN_UNUSED_FUNCTION = YES;
				GCC_WARN_UNUSED_VARIABLE = YES;
				IPHONEOS_DEPLOYMENT_TARGET = 15.4;
				MTL_ENABLE_DEBUG_INFO = INCLUDE_SOURCE;
				MTL_FAST_MATH = YES;
				ONLY_ACTIVE_ARCH = YES;
				SDKROOT = iphoneos;
				SWIFT_ACTIVE_COMPILATION_CONDITIONS = DEBUG;
				SWIFT_OPTIMIZATION_LEVEL = "-Onone";
			};
			name = Debug;
		};
		D8E2443D28571DBE00193A1B /* Release */ = {
			isa = XCBuildConfiguration;
			buildSettings = {
				ALWAYS_SEARCH_USER_PATHS = NO;
				CLANG_ANALYZER_NONNULL = YES;
				CLANG_ANALYZER_NUMBER_OBJECT_CONVERSION = YES_AGGRESSIVE;
				CLANG_CXX_LANGUAGE_STANDARD = "gnu++17";
				CLANG_ENABLE_MODULES = YES;
				CLANG_ENABLE_OBJC_ARC = YES;
				CLANG_ENABLE_OBJC_WEAK = YES;
				CLANG_WARN_BLOCK_CAPTURE_AUTORELEASING = YES;
				CLANG_WARN_BOOL_CONVERSION = YES;
				CLANG_WARN_COMMA = YES;
				CLANG_WARN_CONSTANT_CONVERSION = YES;
				CLANG_WARN_DEPRECATED_OBJC_IMPLEMENTATIONS = YES;
				CLANG_WARN_DIRECT_OBJC_ISA_USAGE = YES_ERROR;
				CLANG_WARN_DOCUMENTATION_COMMENTS = YES;
				CLANG_WARN_EMPTY_BODY = YES;
				CLANG_WARN_ENUM_CONVERSION = YES;
				CLANG_WARN_INFINITE_RECURSION = YES;
				CLANG_WARN_INT_CONVERSION = YES;
				CLANG_WARN_NON_LITERAL_NULL_CONVERSION = YES;
				CLANG_WARN_OBJC_IMPLICIT_RETAIN_SELF = YES;
				CLANG_WARN_OBJC_LITERAL_CONVERSION = YES;
				CLANG_WARN_OBJC_ROOT_CLASS = YES_ERROR;
				CLANG_WARN_QUOTED_INCLUDE_IN_FRAMEWORK_HEADER = YES;
				CLANG_WARN_RANGE_LOOP_ANALYSIS = YES;
				CLANG_WARN_STRICT_PROTOTYPES = YES;
				CLANG_WARN_SUSPICIOUS_MOVE = YES;
				CLANG_WARN_UNGUARDED_AVAILABILITY = YES_AGGRESSIVE;
				CLANG_WARN_UNREACHABLE_CODE = YES;
				CLANG_WARN__DUPLICATE_METHOD_MATCH = YES;
				COPY_PHASE_STRIP = NO;
				DEBUG_INFORMATION_FORMAT = "dwarf-with-dsym";
				ENABLE_NS_ASSERTIONS = NO;
				ENABLE_STRICT_OBJC_MSGSEND = YES;
				GCC_C_LANGUAGE_STANDARD = gnu11;
				GCC_NO_COMMON_BLOCKS = YES;
				GCC_WARN_64_TO_32_BIT_CONVERSION = YES;
				GCC_WARN_ABOUT_RETURN_TYPE = YES_ERROR;
				GCC_WARN_UNDECLARED_SELECTOR = YES;
				GCC_WARN_UNINITIALIZED_AUTOS = YES_AGGRESSIVE;
				GCC_WARN_UNUSED_FUNCTION = YES;
				GCC_WARN_UNUSED_VARIABLE = YES;
				IPHONEOS_DEPLOYMENT_TARGET = 15.4;
				MTL_ENABLE_DEBUG_INFO = NO;
				MTL_FAST_MATH = YES;
				SDKROOT = iphoneos;
				SWIFT_COMPILATION_MODE = wholemodule;
				SWIFT_OPTIMIZATION_LEVEL = "-O";
				VALIDATE_PRODUCT = YES;
			};
			name = Release;
		};
		D8E2443F28571DBE00193A1B /* Debug */ = {
			isa = XCBuildConfiguration;
			baseConfigurationReference = D6ED38BA96541A8C98D12824 /* Pods-CreditCardList.debug.xcconfig */;
			buildSettings = {
				ASSETCATALOG_COMPILER_APPICON_NAME = AppIcon;
				ASSETCATALOG_COMPILER_GLOBAL_ACCENT_COLOR_NAME = AccentColor;
				CODE_SIGN_STYLE = Automatic;
				CURRENT_PROJECT_VERSION = 1;
				DEVELOPMENT_TEAM = UBA9LZ8GVL;
				GENERATE_INFOPLIST_FILE = YES;
				INFOPLIST_FILE = CreditCardList/Info.plist;
				INFOPLIST_KEY_UIApplicationSupportsIndirectInputEvents = YES;
				INFOPLIST_KEY_UILaunchStoryboardName = LaunchScreen;
				INFOPLIST_KEY_UIMainStoryboardFile = Main;
				INFOPLIST_KEY_UISupportedInterfaceOrientations_iPad = "UIInterfaceOrientationPortrait UIInterfaceOrientationPortraitUpsideDown UIInterfaceOrientationLandscapeLeft UIInterfaceOrientationLandscapeRight";
				INFOPLIST_KEY_UISupportedInterfaceOrientations_iPhone = "UIInterfaceOrientationPortrait UIInterfaceOrientationLandscapeLeft UIInterfaceOrientationLandscapeRight";
				LD_RUNPATH_SEARCH_PATHS = (
					"$(inherited)",
					"@executable_path/Frameworks",
				);
				MARKETING_VERSION = 1.0;
				PRODUCT_BUNDLE_IDENTIFIER = com.medium.raralabs.CreditCardList;
				PRODUCT_NAME = "$(TARGET_NAME)";
				SWIFT_EMIT_LOC_STRINGS = YES;
				SWIFT_VERSION = 5.0;
				TARGETED_DEVICE_FAMILY = "1,2";
			};
			name = Debug;
		};
		D8E2444028571DBE00193A1B /* Release */ = {
			isa = XCBuildConfiguration;
			baseConfigurationReference = E28401147E32A64F5E2B4103 /* Pods-CreditCardList.release.xcconfig */;
			buildSettings = {
				ASSETCATALOG_COMPILER_APPICON_NAME = AppIcon;
				ASSETCATALOG_COMPILER_GLOBAL_ACCENT_COLOR_NAME = AccentColor;
				CODE_SIGN_STYLE = Automatic;
				CURRENT_PROJECT_VERSION = 1;
				DEVELOPMENT_TEAM = UBA9LZ8GVL;
				GENERATE_INFOPLIST_FILE = YES;
				INFOPLIST_FILE = CreditCardList/Info.plist;
				INFOPLIST_KEY_UIApplicationSupportsIndirectInputEvents = YES;
				INFOPLIST_KEY_UILaunchStoryboardName = LaunchScreen;
				INFOPLIST_KEY_UIMainStoryboardFile = Main;
				INFOPLIST_KEY_UISupportedInterfaceOrientations_iPad = "UIInterfaceOrientationPortrait UIInterfaceOrientationPortraitUpsideDown UIInterfaceOrientationLandscapeLeft UIInterfaceOrientationLandscapeRight";
				INFOPLIST_KEY_UISupportedInterfaceOrientations_iPhone = "UIInterfaceOrientationPortrait UIInterfaceOrientationLandscapeLeft UIInterfaceOrientationLandscapeRight";
				LD_RUNPATH_SEARCH_PATHS = (
					"$(inherited)",
					"@executable_path/Frameworks",
				);
				MARKETING_VERSION = 1.0;
				PRODUCT_BUNDLE_IDENTIFIER = com.medium.raralabs.CreditCardList;
				PRODUCT_NAME = "$(TARGET_NAME)";
				SWIFT_EMIT_LOC_STRINGS = YES;
				SWIFT_VERSION = 5.0;
				TARGETED_DEVICE_FAMILY = "1,2";
			};
			name = Release;
		};
/* End XCBuildConfiguration section */

/* Begin XCConfigurationList section */
		D8E2442528571DBC00193A1B /* Build configuration list for PBXProject "CreditCardList" */ = {
			isa = XCConfigurationList;
			buildConfigurations = (
				D8E2443C28571DBE00193A1B /* Debug */,
				D8E2443D28571DBE00193A1B /* Release */,
			);
			defaultConfigurationIsVisible = 0;
			defaultConfigurationName = Release;
		};
		D8E2443E28571DBE00193A1B /* Build configuration list for PBXNativeTarget "CreditCardList" */ = {
			isa = XCConfigurationList;
			buildConfigurations = (
				D8E2443F28571DBE00193A1B /* Debug */,
				D8E2444028571DBE00193A1B /* Release */,
			);
			defaultConfigurationIsVisible = 0;
			defaultConfigurationName = Release;
		};
/* End XCConfigurationList section */
	};
	rootObject = D8E2442228571DBC00193A1B /* Project object */;
}
